PODS:
  - Alamofire (4.5.1)
  - RxAlamofire (4.0.0):
    - RxAlamofire/Core (= 4.0.0)
  - RxAlamofire/Core (4.0.0):
    - Alamofire (~> 4.5)
    - RxSwift (~> 4.0)
  - RxCocoa (4.0.0):
    - RxSwift (~> 4.0)
  - RxSwift (4.0.0)
  - SwiftyJSON (4.0.0)

DEPENDENCIES:
  - RxAlamofire
  - RxCocoa (~> 4.0)
  - RxSwift (~> 4.0)
  - SwiftyJSON

SPEC CHECKSUMS:
  Alamofire: 2d95912bf4c34f164fdfc335872e8c312acaea4a
  RxAlamofire: 6ea579ac53bf14cb4bc7049a3866e5a769989b1d
  RxCocoa: d62846ca96495d862fa4c59ea7d87e5031d7340e
  RxSwift: fd680d75283beb5e2559486f3c0ff852f0d35334
  SwiftyJSON: 070dabdcb1beb81b247c65ffa3a79dbbfb3b48aa

PODFILE CHECKSUM: b0a9bce23cb389326fa3abf6669d64e971ad5572

COCOAPODS: 1.3.1
